PODS:
  - Capacitor (5.7.4):
    - CapacitorCordova
  - CapacitorCommunitySqlite (5.6.3):
    - Capacitor
    - SQLCipher
    - ZIPFoundation
  - CapacitorCordova (5.7.4)
  - CapacitorToast (5.0.7):
    - Capacitor
  - SQLCipher (4.5.6):
    - SQLCipher/standard (= 4.5.6)
  - SQLCipher/common (4.5.6)
  - SQLCipher/standard (4.5.6):
    - SQLCipher/common
  - ZIPFoundation (0.9.16)

DEPENDENCIES:
  - "Capacitor (from `../../node_modules/@capacitor/ios`)"
  - "CapacitorCommunitySqlite (from `../../node_modules/@capacitor-community/sqlite`)"
  - "CapacitorCordova (from `../../node_modules/@capacitor/ios`)"
  - "CapacitorToast (from `../../node_modules/@capacitor/toast`)"

SPEC REPOS:
  trunk:
    - SQLCipher
    - ZIPFoundation

EXTERNAL SOURCES:
  Capacitor:
    :path: "../../node_modules/@capacitor/ios"
  CapacitorCommunitySqlite:
    :path: "../../node_modules/@capacitor-community/sqlite"
  CapacitorCordova:
    :path: "../../node_modules/@capacitor/ios"
  CapacitorToast:
    :path: "../../node_modules/@capacitor/toast"

SPEC CHECKSUMS:
  Capacitor: 4fe9adf012caceb4c71ffea2f1f4d005cdcbeea7
  CapacitorCommunitySqlite: b21a86bb3fc4e9c301ca0142f003d8c1e83646a5
  CapacitorCordova: a6e87fccc0307dee7aec1560ec9398485f2b0ce7
  CapacitorToast: c8bb89eeb59a23c1fc298f138cc06c8ff4d90ac1
  SQLCipher: 838309284f29953a28ad2e81d87d55ea6b7c74fd
  ZIPFoundation: d170fa8e270b2a32bef9dcdcabff5b8f1a5deced

PODFILE CHECKSUM: 001dc7b6e6c00f3f4257732ebd8a5af4acbf12e1

COCOAPODS: 1.10.0
